
Microsoft Visual Studio Solution File, Format Version 12.00
# Visual Studio Version 16
VisualStudioVersion = 16.0.31321.278
MinimumVisualStudioVersion = 10.0.40219.1
Project("{9A19103F-16F7-4668-BE54-9A1E7A4F7556}") = "Day2KampIntroJune", "KampDersJune\Day2KampIntroJune.csproj", "{FBAC099A-4E1E-489B-8727-1615E2E2709E}"
EndProject
Project("{9A19103F-16F7-4668-BE54-9A1E7A4F7556}") = "Day2DongulerJune", "Day2DongulerJune\Day2DongulerJune.csproj", "{91AC65D2-91EC-4BB0-B481-86CDBC52B4CE}"
EndProject
Project("{9A19103F-16F7-4668-BE54-9A1E7A4F7556}") = "Day2ClassIntroJune", "Day2ClassIntroJune\Day2ClassIntroJune.csproj", "{58CE668D-7625-488F-AFF3-D2BB4314C348}"
EndProject
Project("{9A19103F-16F7-4668-BE54-9A1E7A4F7556}") = "Day3MetotlarJune", "Day3MetotlarJune\Day3MetotlarJune.csproj", "{A305E62A-B6DD-433C-93D3-6EC3F24EFEC4}"
EndProject
Project("{FAE04EC0-301F-11D3-BF4B-00C04F79EFBC}") = "Day3MatematikJune", "Day3MatematikJune\Day3MatematikJune.csproj", "{E32468C4-07A8-49C4-8293-073A80936BD3}"
EndProject
Global
	GlobalSection(SolutionConfigurationPlatforms) = preSolution
		Debug|Any CPU = Debug|Any CPU
		Release|Any CPU = Release|Any CPU
	EndGlobalSection
	GlobalSection(ProjectConfigurationPlatforms) = postSolution
		{FBAC099A-4E1E-489B-8727-1615E2E2709E}.Debug|Any CPU.ActiveCfg = Debug|Any CPU
		{FBAC099A-4E1E-489B-8727-1615E2E2709E}.Debug|Any CPU.Build.0 = Debug|Any CPU
		{FBAC099A-4E1E-489B-8727-1615E2E2709E}.Release|Any CPU.ActiveCfg = Release|Any CPU
		{FBAC099A-4E1E-489B-8727-1615E2E2709E}.Release|Any CPU.Build.0 = Release|Any CPU
		{91AC65D2-91EC-4BB0-B481-86CDBC52B4CE}.Debug|Any CPU.ActiveCfg = Debug|Any CPU
		{91AC65D2-91EC-4BB0-B481-86CDBC52B4CE}.Debug|Any CPU.Build.0 = Debug|Any CPU
		{91AC65D2-91EC-4BB0-B481-86CDBC52B4CE}.Release|Any CPU.ActiveCfg = Release|Any CPU
		{91AC65D2-91EC-4BB0-B481-86CDBC52B4CE}.Release|Any CPU.Build.0 = Release|Any CPU
		{58CE668D-7625-488F-AFF3-D2BB4314C348}.Debug|Any CPU.ActiveCfg = Debug|Any CPU
		{58CE668D-7625-488F-AFF3-D2BB4314C348}.Debug|Any CPU.Build.0 = Debug|Any CPU
		{58CE668D-7625-488F-AFF3-D2BB4314C348}.Release|Any CPU.ActiveCfg = Release|Any CPU
		{58CE668D-7625-488F-AFF3-D2BB4314C348}.Release|Any CPU.Build.0 = Release|Any CPU
		{A305E62A-B6DD-433C-93D3-6EC3F24EFEC4}.Debug|Any CPU.ActiveCfg = Debug|Any CPU
		{A305E62A-B6DD-433C-93D3-6EC3F24EFEC4}.Debug|Any CPU.Build.0 = Debug|Any CPU
		{A305E62A-B6DD-433C-93D3-6EC3F24EFEC4}.Release|Any CPU.ActiveCfg = Release|Any CPU
		{A305E62A-B6DD-433C-93D3-6EC3F24EFEC4}.Release|Any CPU.Build.0 = Release|Any CPU
		{E32468C4-07A8-49C4-8293-073A80936BD3}.Debug|Any CPU.ActiveCfg = Debug|Any CPU
		{E32468C4-07A8-49C4-8293-073A80936BD3}.Debug|Any CPU.Build.0 = Debug|Any CPU
		{E32468C4-07A8-49C4-8293-073A80936BD3}.Release|Any CPU.ActiveCfg = Release|Any CPU
		{E32468C4-07A8-49C4-8293-073A80936BD3}.Release|Any CPU.Build.0 = Release|Any CPU
	EndGlobalSection
	GlobalSection(SolutionProperties) = preSolution
		HideSolutionNode = FALSE
	EndGlobalSection
	GlobalSection(ExtensibilityGlobals) = postSolution
		SolutionGuid = {73FBAB81-0B15-40EE-89AC-D6F356B6A596}
	EndGlobalSection
EndGlobal
