
Microsoft Visual Studio Solution File, Format Version 12.00
# Visual Studio Version 16
VisualStudioVersion = 16.0.31321.278
MinimumVisualStudioVersion = 10.0.40219.1
Project("{9A19103F-16F7-4668-BE54-9A1E7A4F7556}") = "Day2Homework4WhileLoop", "Day2Homework4\Day2Homework4WhileLoop.csproj", "{C095D6AA-BD18-47D5-A1C7-E0F6E0C2CA93}"
EndProject
Project("{FAE04EC0-301F-11D3-BF4B-00C04F79EFBC}") = "Day2Homework1DataTypesJune", "Day2Homework1DataTypesJune\Day2Homework1DataTypesJune.csproj", "{90A0C5EC-7C87-4CE7-9B98-200DAD6B91A0}"
EndProject
Project("{FAE04EC0-301F-11D3-BF4B-00C04F79EFBC}") = "Day2Homework2TernaryOperatorJune", "Day2Homework2TernaryOperatorJune\Day2Homework2TernaryOperatorJune.csproj", "{FB753B32-B058-41AC-AEE4-9BBF78A03414}"
EndProject
Project("{FAE04EC0-301F-11D3-BF4B-00C04F79EFBC}") = "Day2Homework3SwitchJune", "Day2Homework3SwitchJune\Day2Homework3SwitchJune.csproj", "{4215F673-9898-445B-A09C-07734C4E93FC}"
EndProject
Project("{FAE04EC0-301F-11D3-BF4B-00C04F79EFBC}") = "Day2Homework4WhileLoopJune", "Day2Homework4WhileLoopJune\Day2Homework4WhileLoopJune.csproj", "{5DC0ACAB-4B47-4F6C-B920-AA35C300D840}"
EndProject
Global
	GlobalSection(SolutionConfigurationPlatforms) = preSolution
		Debug|Any CPU = Debug|Any CPU
		Release|Any CPU = Release|Any CPU
	EndGlobalSection
	GlobalSection(ProjectConfigurationPlatforms) = postSolution
		{C095D6AA-BD18-47D5-A1C7-E0F6E0C2CA93}.Debug|Any CPU.ActiveCfg = Debug|Any CPU
		{C095D6AA-BD18-47D5-A1C7-E0F6E0C2CA93}.Debug|Any CPU.Build.0 = Debug|Any CPU
		{C095D6AA-BD18-47D5-A1C7-E0F6E0C2CA93}.Release|Any CPU.ActiveCfg = Release|Any CPU
		{C095D6AA-BD18-47D5-A1C7-E0F6E0C2CA93}.Release|Any CPU.Build.0 = Release|Any CPU
		{90A0C5EC-7C87-4CE7-9B98-200DAD6B91A0}.Debug|Any CPU.ActiveCfg = Debug|Any CPU
		{90A0C5EC-7C87-4CE7-9B98-200DAD6B91A0}.Debug|Any CPU.Build.0 = Debug|Any CPU
		{90A0C5EC-7C87-4CE7-9B98-200DAD6B91A0}.Release|Any CPU.ActiveCfg = Release|Any CPU
		{90A0C5EC-7C87-4CE7-9B98-200DAD6B91A0}.Release|Any CPU.Build.0 = Release|Any CPU
		{FB753B32-B058-41AC-AEE4-9BBF78A03414}.Debug|Any CPU.ActiveCfg = Debug|Any CPU
		{FB753B32-B058-41AC-AEE4-9BBF78A03414}.Debug|Any CPU.Build.0 = Debug|Any CPU
		{FB753B32-B058-41AC-AEE4-9BBF78A03414}.Release|Any CPU.ActiveCfg = Release|Any CPU
		{FB753B32-B058-41AC-AEE4-9BBF78A03414}.Release|Any CPU.Build.0 = Release|Any CPU
		{4215F673-9898-445B-A09C-07734C4E93FC}.Debug|Any CPU.ActiveCfg = Debug|Any CPU
		{4215F673-9898-445B-A09C-07734C4E93FC}.Debug|Any CPU.Build.0 = Debug|Any CPU
		{4215F673-9898-445B-A09C-07734C4E93FC}.Release|Any CPU.ActiveCfg = Release|Any CPU
		{4215F673-9898-445B-A09C-07734C4E93FC}.Release|Any CPU.Build.0 = Release|Any CPU
		{5DC0ACAB-4B47-4F6C-B920-AA35C300D840}.Debug|Any CPU.ActiveCfg = Debug|Any CPU
		{5DC0ACAB-4B47-4F6C-B920-AA35C300D840}.Debug|Any CPU.Build.0 = Debug|Any CPU
		{5DC0ACAB-4B47-4F6C-B920-AA35C300D840}.Release|Any CPU.ActiveCfg = Release|Any CPU
		{5DC0ACAB-4B47-4F6C-B920-AA35C300D840}.Release|Any CPU.Build.0 = Release|Any CPU
	EndGlobalSection
	GlobalSection(SolutionProperties) = preSolution
		HideSolutionNode = FALSE
	EndGlobalSection
	GlobalSection(ExtensibilityGlobals) = postSolution
		SolutionGuid = {667EF718-C901-4580-B0EF-1E99905DBB5E}
	EndGlobalSection
EndGlobal
