
Microsoft Visual Studio Solution File, Format Version 12.00
# Visual Studio Version 16
VisualStudioVersion = 16.0.31321.278
MinimumVisualStudioVersion = 10.0.40219.1
Project("{FAE04EC0-301F-11D3-BF4B-00C04F79EFBC}") = "Day2Homework1DataTypes", "KampHomeWorkJune\Day2Homework1DataTypes.csproj", "{84030D9E-E750-4C87-BFB6-E722B1A2C095}"
EndProject
Project("{FAE04EC0-301F-11D3-BF4B-00C04F79EFBC}") = "Day2Homework2TernaryOperator", "Day2Homework2\Day2Homework2TernaryOperator.csproj", "{1DCC49D6-BFC1-4663-BB7F-86730EABF399}"
EndProject
Project("{FAE04EC0-301F-11D3-BF4B-00C04F79EFBC}") = "Day2Homework3Switch", "Day3Homework3Switch\Day2Homework3Switch.csproj", "{07BF62E5-7D95-404F-8C50-E93B9B0CC5C4}"
EndProject
Project("{FAE04EC0-301F-11D3-BF4B-00C04F79EFBC}") = "Day2Homework4", "Day2Homework4\Day2Homework4.csproj", "{C095D6AA-BD18-47D5-A1C7-E0F6E0C2CA93}"
EndProject
Global
	GlobalSection(SolutionConfigurationPlatforms) = preSolution
		Debug|Any CPU = Debug|Any CPU
		Release|Any CPU = Release|Any CPU
	EndGlobalSection
	GlobalSection(ProjectConfigurationPlatforms) = postSolution
		{84030D9E-E750-4C87-BFB6-E722B1A2C095}.Debug|Any CPU.ActiveCfg = Debug|Any CPU
		{84030D9E-E750-4C87-BFB6-E722B1A2C095}.Debug|Any CPU.Build.0 = Debug|Any CPU
		{84030D9E-E750-4C87-BFB6-E722B1A2C095}.Release|Any CPU.ActiveCfg = Release|Any CPU
		{84030D9E-E750-4C87-BFB6-E722B1A2C095}.Release|Any CPU.Build.0 = Release|Any CPU
		{1DCC49D6-BFC1-4663-BB7F-86730EABF399}.Debug|Any CPU.ActiveCfg = Debug|Any CPU
		{1DCC49D6-BFC1-4663-BB7F-86730EABF399}.Debug|Any CPU.Build.0 = Debug|Any CPU
		{1DCC49D6-BFC1-4663-BB7F-86730EABF399}.Release|Any CPU.ActiveCfg = Release|Any CPU
		{1DCC49D6-BFC1-4663-BB7F-86730EABF399}.Release|Any CPU.Build.0 = Release|Any CPU
		{07BF62E5-7D95-404F-8C50-E93B9B0CC5C4}.Debug|Any CPU.ActiveCfg = Debug|Any CPU
		{07BF62E5-7D95-404F-8C50-E93B9B0CC5C4}.Debug|Any CPU.Build.0 = Debug|Any CPU
		{07BF62E5-7D95-404F-8C50-E93B9B0CC5C4}.Release|Any CPU.ActiveCfg = Release|Any CPU
		{07BF62E5-7D95-404F-8C50-E93B9B0CC5C4}.Release|Any CPU.Build.0 = Release|Any CPU
		{C095D6AA-BD18-47D5-A1C7-E0F6E0C2CA93}.Debug|Any CPU.ActiveCfg = Debug|Any CPU
		{C095D6AA-BD18-47D5-A1C7-E0F6E0C2CA93}.Debug|Any CPU.Build.0 = Debug|Any CPU
		{C095D6AA-BD18-47D5-A1C7-E0F6E0C2CA93}.Release|Any CPU.ActiveCfg = Release|Any CPU
		{C095D6AA-BD18-47D5-A1C7-E0F6E0C2CA93}.Release|Any CPU.Build.0 = Release|Any CPU
	EndGlobalSection
	GlobalSection(SolutionProperties) = preSolution
		HideSolutionNode = FALSE
	EndGlobalSection
	GlobalSection(ExtensibilityGlobals) = postSolution
		SolutionGuid = {667EF718-C901-4580-B0EF-1E99905DBB5E}
	EndGlobalSection
EndGlobal
