
Microsoft Visual Studio Solution File, Format Version 12.00
# Visual Studio Version 16
VisualStudioVersion = 16.0.31321.278
MinimumVisualStudioVersion = 10.0.40219.1
Project("{9A19103F-16F7-4668-BE54-9A1E7A4F7556}") = "Day2Homework1DataTypesJune", "Day2Homework1DataTypesJune\Day2Homework1DataTypesJune.csproj", "{90A0C5EC-7C87-4CE7-9B98-200DAD6B91A0}"
EndProject
Project("{9A19103F-16F7-4668-BE54-9A1E7A4F7556}") = "Day2Homework2TernaryOperatorJune", "Day2Homework2TernaryOperatorJune\Day2Homework2TernaryOperatorJune.csproj", "{FB753B32-B058-41AC-AEE4-9BBF78A03414}"
EndProject
Project("{9A19103F-16F7-4668-BE54-9A1E7A4F7556}") = "Day2Homework3SwitchJune", "Day2Homework3SwitchJune\Day2Homework3SwitchJune.csproj", "{4215F673-9898-445B-A09C-07734C4E93FC}"
EndProject
Project("{9A19103F-16F7-4668-BE54-9A1E7A4F7556}") = "Day2Homework4WhileLoopJune", "Day2Homework4WhileLoopJune\Day2Homework4WhileLoopJune.csproj", "{5DC0ACAB-4B47-4F6C-B920-AA35C300D840}"
EndProject
Project("{9A19103F-16F7-4668-BE54-9A1E7A4F7556}") = "Day2Homework5QuizGirilenCumledenHarfSayisiHesaplama", "Day2Homework5QuizGirilenCumledenHarfSayisiHesaplama\Day2Homework5QuizGirilenCumledenHarfSayisiHesaplama.csproj", "{EE552185-2BEE-47D6-BFFF-6B777F87076E}"
EndProject
Project("{9A19103F-16F7-4668-BE54-9A1E7A4F7556}") = "Day2Homework5QuizPalindromKelime", "Day2Homework5QuizPalindromKelime\Day2Homework5QuizPalindromKelime.csproj", "{6E1F6B19-920D-478A-8EC2-0FBE11FC1730}"
EndProject
Project("{9A19103F-16F7-4668-BE54-9A1E7A4F7556}") = "Day2Homework5QuizIkiSayiArasindakiAsalSayilariBulma", "Day2Homework5QuizIkiSayiArasindakiAsalSayilariBulma\Day2Homework5QuizIkiSayiArasindakiAsalSayilariBulma.csproj", "{11853F53-B748-4821-A51A-11A2FCF90983}"
EndProject
Project("{9A19103F-16F7-4668-BE54-9A1E7A4F7556}") = "Day2Homework6ProductListJune", "Day2Homework6ProductListJune\Day2Homework6ProductListJune.csproj", "{A302846C-B2BF-491A-AF44-78750E229768}"
EndProject
Project("{9A19103F-16F7-4668-BE54-9A1E7A4F7556}") = "Day2Homework6LokantaMealListJune", "Day2Homework6LokantaMealListJune\Day2Homework6LokantaMealListJune.csproj", "{D77DFA47-9C8B-404B-8F1C-4264EDA68379}"
EndProject
Project("{2150E333-8FDC-42A3-9474-1A3956D46DE8}") = "Day3Homework", "Day3Homework", "{55173966-BB52-4081-A3B3-2B06767676D9}"
EndProject
Project("{9A19103F-16F7-4668-BE54-9A1E7A4F7556}") = "Day3Homework2KeywordsRefOut", "Day3Homework2KeywordsRefOut\Day3Homework2KeywordsRefOut.csproj", "{D6B91D63-F69C-46A9-9F8D-A9B40B816C72}"
EndProject
Project("{9A19103F-16F7-4668-BE54-9A1E7A4F7556}") = "Day3Homework3BankingCustomer", "Day3Homework3BankingCustomer\Day3Homework3BankingCustomer.csproj", "{7141CB05-431A-4601-B769-BB5A877A8B06}"
EndProject
Project("{2150E333-8FDC-42A3-9474-1A3956D46DE8}") = "Day4Homework", "Day4Homework", "{3D01F871-2991-460D-976A-ED8743DF34BD}"
EndProject
Project("{2150E333-8FDC-42A3-9474-1A3956D46DE8}") = "Day2Homework", "Day2Homework", "{F4EDAE31-5C43-4706-ABA2-D67EA3B5E93A}"
EndProject
Project("{9A19103F-16F7-4668-BE54-9A1E7A4F7556}") = "Day4Homework1ReferenceTypes", "Day4Homework1ReferenceTypes\Day4Homework1ReferenceTypes.csproj", "{7A07A320-BC7A-4154-8A71-D59425C1DB63}"
EndProject
Project("{9A19103F-16F7-4668-BE54-9A1E7A4F7556}") = "Day4Homework2Constructor", "Day4Homework2Constructor\Day4Homework2Constructor.csproj", "{7E4FC50E-4A27-4916-9EA1-383C05151656}"
EndProject
Project("{9A19103F-16F7-4668-BE54-9A1E7A4F7556}") = "Day4Homework3Generics", "Day4Homework3Generics\Day4Homework3Generics.csproj", "{9A7782E7-C4E7-4083-9147-8CAF4936D812}"
EndProject
Project("{9A19103F-16F7-4668-BE54-9A1E7A4F7556}") = "Day4Homework5Dictionary", "Day4Homework5DictionaryJune\Day4Homework5Dictionary.csproj", "{0A70090D-6D13-4C6B-B345-BA1F41E0287C}"
EndProject
Project("{9A19103F-16F7-4668-BE54-9A1E7A4F7556}") = "Day4Homework4DictionaryExplain", "Day4Homework4DictionaryExplain\Day4Homework4DictionaryExplain.csproj", "{492C228C-7A11-4463-AFC9-4BA8570F7922}"
EndProject
Project("{9A19103F-16F7-4668-BE54-9A1E7A4F7556}") = "Day4Homework5MyDictionary", "day4Homework5MyDictionary\Day4Homework5MyDictionary.csproj", "{C3DEEDB5-06B4-455E-86C3-7554A6EA0B50}"
EndProject
Project("{2150E333-8FDC-42A3-9474-1A3956D46DE8}") = "Day5Homework", "Day5Homework", "{11738C61-8623-473F-8DEF-2159498AFF94}"
EndProject
Project("{9A19103F-16F7-4668-BE54-9A1E7A4F7556}") = "Day5Homework4InterfaceAbstract", "Day5Homework4InterfaceAbstract\Day5Homework4InterfaceAbstract.csproj", "{0EBEEA03-4974-49C7-A9AA-C9FAA158CBA5}"
EndProject
Project("{9A19103F-16F7-4668-BE54-9A1E7A4F7556}") = "Day5Homework2Interfaces", "Day5Homework2Interfaces\Day5Homework2Interfaces.csproj", "{8A208AE7-88F6-4BCE-BAF1-A476CA67B3B1}"
EndProject
Project("{FAE04EC0-301F-11D3-BF4B-00C04F79EFBC}") = "Day5Homework5GamerBackEnd", "Day5Homework5GamerBackEnd\Day5Homework5GamerBackEnd.csproj", "{DB17E0CE-7FC7-480D-A34F-4C1AFB54F4D0}"
EndProject
Global
	GlobalSection(SolutionConfigurationPlatforms) = preSolution
		Debug|Any CPU = Debug|Any CPU
		Release|Any CPU = Release|Any CPU
	EndGlobalSection
	GlobalSection(ProjectConfigurationPlatforms) = postSolution
		{90A0C5EC-7C87-4CE7-9B98-200DAD6B91A0}.Debug|Any CPU.ActiveCfg = Debug|Any CPU
		{90A0C5EC-7C87-4CE7-9B98-200DAD6B91A0}.Debug|Any CPU.Build.0 = Debug|Any CPU
		{90A0C5EC-7C87-4CE7-9B98-200DAD6B91A0}.Release|Any CPU.ActiveCfg = Release|Any CPU
		{90A0C5EC-7C87-4CE7-9B98-200DAD6B91A0}.Release|Any CPU.Build.0 = Release|Any CPU
		{FB753B32-B058-41AC-AEE4-9BBF78A03414}.Debug|Any CPU.ActiveCfg = Debug|Any CPU
		{FB753B32-B058-41AC-AEE4-9BBF78A03414}.Debug|Any CPU.Build.0 = Debug|Any CPU
		{FB753B32-B058-41AC-AEE4-9BBF78A03414}.Release|Any CPU.ActiveCfg = Release|Any CPU
		{FB753B32-B058-41AC-AEE4-9BBF78A03414}.Release|Any CPU.Build.0 = Release|Any CPU
		{4215F673-9898-445B-A09C-07734C4E93FC}.Debug|Any CPU.ActiveCfg = Debug|Any CPU
		{4215F673-9898-445B-A09C-07734C4E93FC}.Debug|Any CPU.Build.0 = Debug|Any CPU
		{4215F673-9898-445B-A09C-07734C4E93FC}.Release|Any CPU.ActiveCfg = Release|Any CPU
		{4215F673-9898-445B-A09C-07734C4E93FC}.Release|Any CPU.Build.0 = Release|Any CPU
		{5DC0ACAB-4B47-4F6C-B920-AA35C300D840}.Debug|Any CPU.ActiveCfg = Debug|Any CPU
		{5DC0ACAB-4B47-4F6C-B920-AA35C300D840}.Debug|Any CPU.Build.0 = Debug|Any CPU
		{5DC0ACAB-4B47-4F6C-B920-AA35C300D840}.Release|Any CPU.ActiveCfg = Release|Any CPU
		{5DC0ACAB-4B47-4F6C-B920-AA35C300D840}.Release|Any CPU.Build.0 = Release|Any CPU
		{EE552185-2BEE-47D6-BFFF-6B777F87076E}.Debug|Any CPU.ActiveCfg = Debug|Any CPU
		{EE552185-2BEE-47D6-BFFF-6B777F87076E}.Debug|Any CPU.Build.0 = Debug|Any CPU
		{EE552185-2BEE-47D6-BFFF-6B777F87076E}.Release|Any CPU.ActiveCfg = Release|Any CPU
		{EE552185-2BEE-47D6-BFFF-6B777F87076E}.Release|Any CPU.Build.0 = Release|Any CPU
		{6E1F6B19-920D-478A-8EC2-0FBE11FC1730}.Debug|Any CPU.ActiveCfg = Debug|Any CPU
		{6E1F6B19-920D-478A-8EC2-0FBE11FC1730}.Debug|Any CPU.Build.0 = Debug|Any CPU
		{6E1F6B19-920D-478A-8EC2-0FBE11FC1730}.Release|Any CPU.ActiveCfg = Release|Any CPU
		{6E1F6B19-920D-478A-8EC2-0FBE11FC1730}.Release|Any CPU.Build.0 = Release|Any CPU
		{11853F53-B748-4821-A51A-11A2FCF90983}.Debug|Any CPU.ActiveCfg = Debug|Any CPU
		{11853F53-B748-4821-A51A-11A2FCF90983}.Debug|Any CPU.Build.0 = Debug|Any CPU
		{11853F53-B748-4821-A51A-11A2FCF90983}.Release|Any CPU.ActiveCfg = Release|Any CPU
		{11853F53-B748-4821-A51A-11A2FCF90983}.Release|Any CPU.Build.0 = Release|Any CPU
		{A302846C-B2BF-491A-AF44-78750E229768}.Debug|Any CPU.ActiveCfg = Debug|Any CPU
		{A302846C-B2BF-491A-AF44-78750E229768}.Debug|Any CPU.Build.0 = Debug|Any CPU
		{A302846C-B2BF-491A-AF44-78750E229768}.Release|Any CPU.ActiveCfg = Release|Any CPU
		{A302846C-B2BF-491A-AF44-78750E229768}.Release|Any CPU.Build.0 = Release|Any CPU
		{D77DFA47-9C8B-404B-8F1C-4264EDA68379}.Debug|Any CPU.ActiveCfg = Debug|Any CPU
		{D77DFA47-9C8B-404B-8F1C-4264EDA68379}.Debug|Any CPU.Build.0 = Debug|Any CPU
		{D77DFA47-9C8B-404B-8F1C-4264EDA68379}.Release|Any CPU.ActiveCfg = Release|Any CPU
		{D77DFA47-9C8B-404B-8F1C-4264EDA68379}.Release|Any CPU.Build.0 = Release|Any CPU
		{D6B91D63-F69C-46A9-9F8D-A9B40B816C72}.Debug|Any CPU.ActiveCfg = Debug|Any CPU
		{D6B91D63-F69C-46A9-9F8D-A9B40B816C72}.Debug|Any CPU.Build.0 = Debug|Any CPU
		{D6B91D63-F69C-46A9-9F8D-A9B40B816C72}.Release|Any CPU.ActiveCfg = Release|Any CPU
		{D6B91D63-F69C-46A9-9F8D-A9B40B816C72}.Release|Any CPU.Build.0 = Release|Any CPU
		{7141CB05-431A-4601-B769-BB5A877A8B06}.Debug|Any CPU.ActiveCfg = Debug|Any CPU
		{7141CB05-431A-4601-B769-BB5A877A8B06}.Debug|Any CPU.Build.0 = Debug|Any CPU
		{7141CB05-431A-4601-B769-BB5A877A8B06}.Release|Any CPU.ActiveCfg = Release|Any CPU
		{7141CB05-431A-4601-B769-BB5A877A8B06}.Release|Any CPU.Build.0 = Release|Any CPU
		{7A07A320-BC7A-4154-8A71-D59425C1DB63}.Debug|Any CPU.ActiveCfg = Debug|Any CPU
		{7A07A320-BC7A-4154-8A71-D59425C1DB63}.Debug|Any CPU.Build.0 = Debug|Any CPU
		{7A07A320-BC7A-4154-8A71-D59425C1DB63}.Release|Any CPU.ActiveCfg = Release|Any CPU
		{7A07A320-BC7A-4154-8A71-D59425C1DB63}.Release|Any CPU.Build.0 = Release|Any CPU
		{7E4FC50E-4A27-4916-9EA1-383C05151656}.Debug|Any CPU.ActiveCfg = Debug|Any CPU
		{7E4FC50E-4A27-4916-9EA1-383C05151656}.Debug|Any CPU.Build.0 = Debug|Any CPU
		{7E4FC50E-4A27-4916-9EA1-383C05151656}.Release|Any CPU.ActiveCfg = Release|Any CPU
		{7E4FC50E-4A27-4916-9EA1-383C05151656}.Release|Any CPU.Build.0 = Release|Any CPU
		{9A7782E7-C4E7-4083-9147-8CAF4936D812}.Debug|Any CPU.ActiveCfg = Debug|Any CPU
		{9A7782E7-C4E7-4083-9147-8CAF4936D812}.Debug|Any CPU.Build.0 = Debug|Any CPU
		{9A7782E7-C4E7-4083-9147-8CAF4936D812}.Release|Any CPU.ActiveCfg = Release|Any CPU
		{9A7782E7-C4E7-4083-9147-8CAF4936D812}.Release|Any CPU.Build.0 = Release|Any CPU
		{0A70090D-6D13-4C6B-B345-BA1F41E0287C}.Debug|Any CPU.ActiveCfg = Debug|Any CPU
		{0A70090D-6D13-4C6B-B345-BA1F41E0287C}.Debug|Any CPU.Build.0 = Debug|Any CPU
		{0A70090D-6D13-4C6B-B345-BA1F41E0287C}.Release|Any CPU.ActiveCfg = Release|Any CPU
		{0A70090D-6D13-4C6B-B345-BA1F41E0287C}.Release|Any CPU.Build.0 = Release|Any CPU
		{492C228C-7A11-4463-AFC9-4BA8570F7922}.Debug|Any CPU.ActiveCfg = Debug|Any CPU
		{492C228C-7A11-4463-AFC9-4BA8570F7922}.Debug|Any CPU.Build.0 = Debug|Any CPU
		{492C228C-7A11-4463-AFC9-4BA8570F7922}.Release|Any CPU.ActiveCfg = Release|Any CPU
		{492C228C-7A11-4463-AFC9-4BA8570F7922}.Release|Any CPU.Build.0 = Release|Any CPU
		{C3DEEDB5-06B4-455E-86C3-7554A6EA0B50}.Debug|Any CPU.ActiveCfg = Debug|Any CPU
		{C3DEEDB5-06B4-455E-86C3-7554A6EA0B50}.Debug|Any CPU.Build.0 = Debug|Any CPU
		{C3DEEDB5-06B4-455E-86C3-7554A6EA0B50}.Release|Any CPU.ActiveCfg = Release|Any CPU
		{C3DEEDB5-06B4-455E-86C3-7554A6EA0B50}.Release|Any CPU.Build.0 = Release|Any CPU
		{0EBEEA03-4974-49C7-A9AA-C9FAA158CBA5}.Debug|Any CPU.ActiveCfg = Debug|Any CPU
		{0EBEEA03-4974-49C7-A9AA-C9FAA158CBA5}.Debug|Any CPU.Build.0 = Debug|Any CPU
		{0EBEEA03-4974-49C7-A9AA-C9FAA158CBA5}.Release|Any CPU.ActiveCfg = Release|Any CPU
		{0EBEEA03-4974-49C7-A9AA-C9FAA158CBA5}.Release|Any CPU.Build.0 = Release|Any CPU
		{8A208AE7-88F6-4BCE-BAF1-A476CA67B3B1}.Debug|Any CPU.ActiveCfg = Debug|Any CPU
		{8A208AE7-88F6-4BCE-BAF1-A476CA67B3B1}.Debug|Any CPU.Build.0 = Debug|Any CPU
		{8A208AE7-88F6-4BCE-BAF1-A476CA67B3B1}.Release|Any CPU.ActiveCfg = Release|Any CPU
		{8A208AE7-88F6-4BCE-BAF1-A476CA67B3B1}.Release|Any CPU.Build.0 = Release|Any CPU
		{DB17E0CE-7FC7-480D-A34F-4C1AFB54F4D0}.Debug|Any CPU.ActiveCfg = Debug|Any CPU
		{DB17E0CE-7FC7-480D-A34F-4C1AFB54F4D0}.Debug|Any CPU.Build.0 = Debug|Any CPU
		{DB17E0CE-7FC7-480D-A34F-4C1AFB54F4D0}.Release|Any CPU.ActiveCfg = Release|Any CPU
		{DB17E0CE-7FC7-480D-A34F-4C1AFB54F4D0}.Release|Any CPU.Build.0 = Release|Any CPU
	EndGlobalSection
	GlobalSection(SolutionProperties) = preSolution
		HideSolutionNode = FALSE
	EndGlobalSection
	GlobalSection(NestedProjects) = preSolution
		{90A0C5EC-7C87-4CE7-9B98-200DAD6B91A0} = {F4EDAE31-5C43-4706-ABA2-D67EA3B5E93A}
		{FB753B32-B058-41AC-AEE4-9BBF78A03414} = {F4EDAE31-5C43-4706-ABA2-D67EA3B5E93A}
		{4215F673-9898-445B-A09C-07734C4E93FC} = {F4EDAE31-5C43-4706-ABA2-D67EA3B5E93A}
		{5DC0ACAB-4B47-4F6C-B920-AA35C300D840} = {F4EDAE31-5C43-4706-ABA2-D67EA3B5E93A}
		{EE552185-2BEE-47D6-BFFF-6B777F87076E} = {F4EDAE31-5C43-4706-ABA2-D67EA3B5E93A}
		{6E1F6B19-920D-478A-8EC2-0FBE11FC1730} = {F4EDAE31-5C43-4706-ABA2-D67EA3B5E93A}
		{11853F53-B748-4821-A51A-11A2FCF90983} = {F4EDAE31-5C43-4706-ABA2-D67EA3B5E93A}
		{A302846C-B2BF-491A-AF44-78750E229768} = {F4EDAE31-5C43-4706-ABA2-D67EA3B5E93A}
		{D77DFA47-9C8B-404B-8F1C-4264EDA68379} = {F4EDAE31-5C43-4706-ABA2-D67EA3B5E93A}
		{D6B91D63-F69C-46A9-9F8D-A9B40B816C72} = {55173966-BB52-4081-A3B3-2B06767676D9}
		{7141CB05-431A-4601-B769-BB5A877A8B06} = {55173966-BB52-4081-A3B3-2B06767676D9}
		{7A07A320-BC7A-4154-8A71-D59425C1DB63} = {3D01F871-2991-460D-976A-ED8743DF34BD}
		{7E4FC50E-4A27-4916-9EA1-383C05151656} = {3D01F871-2991-460D-976A-ED8743DF34BD}
		{9A7782E7-C4E7-4083-9147-8CAF4936D812} = {3D01F871-2991-460D-976A-ED8743DF34BD}
		{0A70090D-6D13-4C6B-B345-BA1F41E0287C} = {3D01F871-2991-460D-976A-ED8743DF34BD}
		{492C228C-7A11-4463-AFC9-4BA8570F7922} = {3D01F871-2991-460D-976A-ED8743DF34BD}
		{C3DEEDB5-06B4-455E-86C3-7554A6EA0B50} = {3D01F871-2991-460D-976A-ED8743DF34BD}
		{0EBEEA03-4974-49C7-A9AA-C9FAA158CBA5} = {11738C61-8623-473F-8DEF-2159498AFF94}
		{8A208AE7-88F6-4BCE-BAF1-A476CA67B3B1} = {11738C61-8623-473F-8DEF-2159498AFF94}
		{DB17E0CE-7FC7-480D-A34F-4C1AFB54F4D0} = {11738C61-8623-473F-8DEF-2159498AFF94}
	EndGlobalSection
	GlobalSection(ExtensibilityGlobals) = postSolution
		SolutionGuid = {667EF718-C901-4580-B0EF-1E99905DBB5E}
	EndGlobalSection
EndGlobal
